
Microsoft Visual Studio Solution File, Format Version 11.00
# Visual C# Express 2010
Project("{FAE04EC0-301F-11D3-BF4B-00C04F79EFBC}") = "Framework.Serialization.Json (x86)", "Framework.Serialization.Json\Framework.Serialization.Json (x86).csproj", "{809E91B9-C8FB-457E-B946-8C169AD5B8CA}"
EndProject
Project("{FAE04EC0-301F-11D3-BF4B-00C04F79EFBC}") = "Framework (x86)", "..\Framework\Framework\Framework (x86).csproj", "{2E15AFAD-6982-45D4-86B3-F5950139EFD8}"
EndProject
Project("{FAE04EC0-301F-11D3-BF4B-00C04F79EFBC}") = "Framework.Serialization.Json.Demo", "Framework.Serialization.Json.Demo\Framework.Serialization.Json.Demo.csproj", "{F72A0077-4719-49F5-B880-A5E9FD04820D}"
EndProject
Project("{FAE04EC0-301F-11D3-BF4B-00C04F79EFBC}") = "Framework (Xbox 360)", "..\Framework\Framework\Framework (Xbox 360).csproj", "{69D1A7DE-A718-49EA-8314-C47DC521227E}"
EndProject
Project("{FAE04EC0-301F-11D3-BF4B-00C04F79EFBC}") = "Framework.Serialization.Json (Xbox 360)", "Framework.Serialization.Json\Framework.Serialization.Json (Xbox 360).csproj", "{7A27832E-0774-4F52-B8D7-ACDEF19110C4}"
EndProject
Global
	GlobalSection(SolutionConfigurationPlatforms) = preSolution
		Debug|Mixed Platforms = Debug|Mixed Platforms
		Debug|x86 = Debug|x86
		Debug|Xbox 360 = Debug|Xbox 360
		Release|Mixed Platforms = Release|Mixed Platforms
		Release|x86 = Release|x86
		Release|Xbox 360 = Release|Xbox 360
	EndGlobalSection
	GlobalSection(ProjectConfigurationPlatforms) = postSolution
		{809E91B9-C8FB-457E-B946-8C169AD5B8CA}.Debug|Mixed Platforms.ActiveCfg = Debug|x86
		{809E91B9-C8FB-457E-B946-8C169AD5B8CA}.Debug|Mixed Platforms.Build.0 = Debug|x86
		{809E91B9-C8FB-457E-B946-8C169AD5B8CA}.Debug|x86.ActiveCfg = Debug|x86
		{809E91B9-C8FB-457E-B946-8C169AD5B8CA}.Debug|x86.Build.0 = Debug|x86
		{809E91B9-C8FB-457E-B946-8C169AD5B8CA}.Debug|Xbox 360.ActiveCfg = Debug|x86
		{809E91B9-C8FB-457E-B946-8C169AD5B8CA}.Debug|Xbox 360.Build.0 = Debug|x86
		{809E91B9-C8FB-457E-B946-8C169AD5B8CA}.Release|Mixed Platforms.ActiveCfg = Release|x86
		{809E91B9-C8FB-457E-B946-8C169AD5B8CA}.Release|Mixed Platforms.Build.0 = Release|x86
		{809E91B9-C8FB-457E-B946-8C169AD5B8CA}.Release|x86.ActiveCfg = Release|x86
		{809E91B9-C8FB-457E-B946-8C169AD5B8CA}.Release|x86.Build.0 = Release|x86
		{809E91B9-C8FB-457E-B946-8C169AD5B8CA}.Release|Xbox 360.ActiveCfg = Release|x86
		{809E91B9-C8FB-457E-B946-8C169AD5B8CA}.Release|Xbox 360.Build.0 = Release|x86
		{2E15AFAD-6982-45D4-86B3-F5950139EFD8}.Debug|Mixed Platforms.ActiveCfg = Debug|x86
		{2E15AFAD-6982-45D4-86B3-F5950139EFD8}.Debug|Mixed Platforms.Build.0 = Debug|x86
		{2E15AFAD-6982-45D4-86B3-F5950139EFD8}.Debug|x86.ActiveCfg = Debug|x86
		{2E15AFAD-6982-45D4-86B3-F5950139EFD8}.Debug|x86.Build.0 = Debug|x86
		{2E15AFAD-6982-45D4-86B3-F5950139EFD8}.Debug|Xbox 360.ActiveCfg = Debug|x86
		{2E15AFAD-6982-45D4-86B3-F5950139EFD8}.Debug|Xbox 360.Build.0 = Debug|x86
		{2E15AFAD-6982-45D4-86B3-F5950139EFD8}.Release|Mixed Platforms.ActiveCfg = Release|x86
		{2E15AFAD-6982-45D4-86B3-F5950139EFD8}.Release|Mixed Platforms.Build.0 = Release|x86
		{2E15AFAD-6982-45D4-86B3-F5950139EFD8}.Release|x86.ActiveCfg = Release|x86
		{2E15AFAD-6982-45D4-86B3-F5950139EFD8}.Release|x86.Build.0 = Release|x86
		{2E15AFAD-6982-45D4-86B3-F5950139EFD8}.Release|Xbox 360.ActiveCfg = Release|x86
		{2E15AFAD-6982-45D4-86B3-F5950139EFD8}.Release|Xbox 360.Build.0 = Release|x86
		{F72A0077-4719-49F5-B880-A5E9FD04820D}.Debug|Mixed Platforms.ActiveCfg = Debug|x86
		{F72A0077-4719-49F5-B880-A5E9FD04820D}.Debug|Mixed Platforms.Build.0 = Debug|x86
		{F72A0077-4719-49F5-B880-A5E9FD04820D}.Debug|x86.ActiveCfg = Debug|x86
		{F72A0077-4719-49F5-B880-A5E9FD04820D}.Debug|x86.Build.0 = Debug|x86
		{F72A0077-4719-49F5-B880-A5E9FD04820D}.Debug|Xbox 360.ActiveCfg = Debug|x86
		{F72A0077-4719-49F5-B880-A5E9FD04820D}.Release|Mixed Platforms.ActiveCfg = Release|x86
		{F72A0077-4719-49F5-B880-A5E9FD04820D}.Release|Mixed Platforms.Build.0 = Release|x86
		{F72A0077-4719-49F5-B880-A5E9FD04820D}.Release|x86.ActiveCfg = Release|x86
		{F72A0077-4719-49F5-B880-A5E9FD04820D}.Release|x86.Build.0 = Release|x86
		{F72A0077-4719-49F5-B880-A5E9FD04820D}.Release|Xbox 360.ActiveCfg = Release|x86
		{69D1A7DE-A718-49EA-8314-C47DC521227E}.Debug|Mixed Platforms.ActiveCfg = Debug|Xbox 360
		{69D1A7DE-A718-49EA-8314-C47DC521227E}.Debug|Mixed Platforms.Build.0 = Debug|Xbox 360
		{69D1A7DE-A718-49EA-8314-C47DC521227E}.Debug|x86.ActiveCfg = Debug|Xbox 360
		{69D1A7DE-A718-49EA-8314-C47DC521227E}.Debug|Xbox 360.ActiveCfg = Debug|Xbox 360
		{69D1A7DE-A718-49EA-8314-C47DC521227E}.Debug|Xbox 360.Build.0 = Debug|Xbox 360
		{69D1A7DE-A718-49EA-8314-C47DC521227E}.Release|Mixed Platforms.ActiveCfg = Release|Xbox 360
		{69D1A7DE-A718-49EA-8314-C47DC521227E}.Release|Mixed Platforms.Build.0 = Release|Xbox 360
		{69D1A7DE-A718-49EA-8314-C47DC521227E}.Release|x86.ActiveCfg = Release|Xbox 360
		{69D1A7DE-A718-49EA-8314-C47DC521227E}.Release|Xbox 360.ActiveCfg = Release|Xbox 360
		{69D1A7DE-A718-49EA-8314-C47DC521227E}.Release|Xbox 360.Build.0 = Release|Xbox 360
		{7A27832E-0774-4F52-B8D7-ACDEF19110C4}.Debug|Mixed Platforms.ActiveCfg = Debug|Xbox 360
		{7A27832E-0774-4F52-B8D7-ACDEF19110C4}.Debug|Mixed Platforms.Build.0 = Debug|Xbox 360
		{7A27832E-0774-4F52-B8D7-ACDEF19110C4}.Debug|x86.ActiveCfg = Debug|Xbox 360
		{7A27832E-0774-4F52-B8D7-ACDEF19110C4}.Debug|Xbox 360.ActiveCfg = Debug|Xbox 360
		{7A27832E-0774-4F52-B8D7-ACDEF19110C4}.Debug|Xbox 360.Build.0 = Debug|Xbox 360
		{7A27832E-0774-4F52-B8D7-ACDEF19110C4}.Release|Mixed Platforms.ActiveCfg = Release|Xbox 360
		{7A27832E-0774-4F52-B8D7-ACDEF19110C4}.Release|Mixed Platforms.Build.0 = Release|Xbox 360
		{7A27832E-0774-4F52-B8D7-ACDEF19110C4}.Release|x86.ActiveCfg = Release|Xbox 360
		{7A27832E-0774-4F52-B8D7-ACDEF19110C4}.Release|Xbox 360.ActiveCfg = Release|Xbox 360
		{7A27832E-0774-4F52-B8D7-ACDEF19110C4}.Release|Xbox 360.Build.0 = Release|Xbox 360
	EndGlobalSection
	GlobalSection(SolutionProperties) = preSolution
		HideSolutionNode = FALSE
	EndGlobalSection
EndGlobal
