
Microsoft Visual Studio Solution File, Format Version 11.00
# Visual C# Express 2010
Project("{FAE04EC0-301F-11D3-BF4B-00C04F79EFBC}") = "Framework.IO.Compression (x86)", "Framework.IO.Compression\Framework.IO.Compression (x86).csproj", "{6D1E1A14-5C0D-4939-B61F-5E6A4DAA3C46}"
EndProject
Global
	GlobalSection(SolutionConfigurationPlatforms) = preSolution
		Debug|Mixed Platforms = Debug|Mixed Platforms
		Debug|x86 = Debug|x86
		Debug|Xbox 360 = Debug|Xbox 360
		Release|Mixed Platforms = Release|Mixed Platforms
		Release|x86 = Release|x86
		Release|Xbox 360 = Release|Xbox 360
	EndGlobalSection
	GlobalSection(ProjectConfigurationPlatforms) = postSolution
		{6D1E1A14-5C0D-4939-B61F-5E6A4DAA3C46}.Debug|Mixed Platforms.ActiveCfg = Debug|x86
		{6D1E1A14-5C0D-4939-B61F-5E6A4DAA3C46}.Debug|Mixed Platforms.Build.0 = Debug|x86
		{6D1E1A14-5C0D-4939-B61F-5E6A4DAA3C46}.Debug|x86.ActiveCfg = Debug|x86
		{6D1E1A14-5C0D-4939-B61F-5E6A4DAA3C46}.Debug|x86.Build.0 = Debug|x86
		{6D1E1A14-5C0D-4939-B61F-5E6A4DAA3C46}.Debug|Xbox 360.ActiveCfg = Debug|x86
		{6D1E1A14-5C0D-4939-B61F-5E6A4DAA3C46}.Release|Mixed Platforms.ActiveCfg = Release|x86
		{6D1E1A14-5C0D-4939-B61F-5E6A4DAA3C46}.Release|Mixed Platforms.Build.0 = Release|x86
		{6D1E1A14-5C0D-4939-B61F-5E6A4DAA3C46}.Release|x86.ActiveCfg = Release|x86
		{6D1E1A14-5C0D-4939-B61F-5E6A4DAA3C46}.Release|x86.Build.0 = Release|x86
		{6D1E1A14-5C0D-4939-B61F-5E6A4DAA3C46}.Release|Xbox 360.ActiveCfg = Release|x86
	EndGlobalSection
	GlobalSection(SolutionProperties) = preSolution
		HideSolutionNode = FALSE
	EndGlobalSection
EndGlobal
